
Microsoft Visual Studio Solution File, Format Version 12.00
# Visual Studio Version 16
VisualStudioVersion = 16.0.31911.196
MinimumVisualStudioVersion = 10.0.40219.1
Project("{FAE04EC0-301F-11D3-BF4B-00C04F79EFBC}") = "FacilityTree", "FacilityTree.csproj", "{3FB7FE31-38A8-49FF-B450-5D5D4118ECE3}"
EndProject
Global
	GlobalSection(SolutionConfigurationPlatforms) = preSolution
		Debug|Any CPU = Debug|Any CPU
		Release|Any CPU = Release|Any CPU
	EndGlobalSection
	GlobalSection(ProjectConfigurationPlatforms) = postSolution
		{3FB7FE31-38A8-49FF-B450-5D5D4118ECE3}.Debug|Any CPU.ActiveCfg = Debug|Any CPU
		{3FB7FE31-38A8-49FF-B450-5D5D4118ECE3}.Debug|Any CPU.Build.0 = Debug|Any CPU
		{3FB7FE31-38A8-49FF-B450-5D5D4118ECE3}.Release|Any CPU.ActiveCfg = Release|Any CPU
		{3FB7FE31-38A8-49FF-B450-5D5D4118ECE3}.Release|Any CPU.Build.0 = Release|Any CPU
	EndGlobalSection
	GlobalSection(SolutionProperties) = preSolution
		HideSolutionNode = FALSE
	EndGlobalSection
	GlobalSection(ExtensibilityGlobals) = postSolution
		SolutionGuid = {990E22ED-1340-4C08-B2A7-50BF96B45E37}
	EndGlobalSection
EndGlobal
